
Microsoft Visual Studio Solution File, Format Version 12.00
# Visual Studio Version 17
VisualStudioVersion = 17.8.34511.84
MinimumVisualStudioVersion = 10.0.40219.1
Project("{2150E333-8FDC-42A3-9474-1A3956D46DE8}") = "Auth", "Auth", "{BDF6A3AB-39FE-4DB1-AFD0-867E290379E0}"
EndProject
Project("{9A19103F-16F7-4668-BE54-9A1E7A4F7556}") = "Auth", "Auth\Auth\Auth.csproj", "{CA099E09-52E3-4BB0-8305-8CEF48B6456E}"
EndProject
Project("{2150E333-8FDC-42A3-9474-1A3956D46DE8}") = "Shared", "Shared", "{81F5FF52-E221-41E4-82A7-1369312CB062}"
EndProject
Project("{9A19103F-16F7-4668-BE54-9A1E7A4F7556}") = "Shared", "Shared\Shared\Shared.csproj", "{D3FFF322-89EB-4367-B4BC-9BBE36DF3C86}"
EndProject
Project("{2150E333-8FDC-42A3-9474-1A3956D46DE8}") = "Patient Management", "Patient Management", "{3A81D967-EDD3-4E73-B027-F5498394A69E}"
EndProject
Project("{2150E333-8FDC-42A3-9474-1A3956D46DE8}") = "Core", "Core", "{8618B9FE-D533-4EA5-8471-4E99556BC784}"
EndProject
Project("{2150E333-8FDC-42A3-9474-1A3956D46DE8}") = "Externals", "Externals", "{1F65B006-7741-4273-8BDD-A74B02C2D830}"
EndProject
Project("{9A19103F-16F7-4668-BE54-9A1E7A4F7556}") = "Patient.Domain", "Patient Management\Core\Patient.Domain\Patient.Domain.csproj", "{44EE06F7-D5D0-4329-BCA7-9418E9F740AE}"
EndProject
Project("{9A19103F-16F7-4668-BE54-9A1E7A4F7556}") = "Patient.Application", "Patient Management\Core\Patient.Application\Patient.Application.csproj", "{B9BF8A43-0DCB-4462-9E7E-EDD23DBDA628}"
EndProject
Project("{9A19103F-16F7-4668-BE54-9A1E7A4F7556}") = "Patient.Infrastructure", "Patient Management\Externals\Patient.Infrastructure\Patient.Infrastructure.csproj", "{B08980B7-F38E-4BBC-8175-6F5E8254E4C1}"
EndProject
Project("{2150E333-8FDC-42A3-9474-1A3956D46DE8}") = "Apps", "Apps", "{63935649-293C-461C-87BA-88CC55843BB8}"
EndProject
Project("{9A19103F-16F7-4668-BE54-9A1E7A4F7556}") = "Patient.API", "Patient Management\Apps\Patient.API\Patient.API.csproj", "{641D8BCF-F6D6-48FA-B228-F483E797ED4A}"
EndProject
Project("{9A19103F-16F7-4668-BE54-9A1E7A4F7556}") = "RabbitMq", "Shared\RabbitMq\RabbitMq.csproj", "{7FA3DDFE-F05B-4289-8462-011902448E0A}"
EndProject
Project("{9A19103F-16F7-4668-BE54-9A1E7A4F7556}") = "Patient.Persistence", "Patient Management\Externals\Patient.Persistance\Patient.Persistence.csproj", "{D13B59EA-5478-4DEA-8213-A500EFD3EBCA}"
EndProject
Project("{2150E333-8FDC-42A3-9474-1A3956D46DE8}") = "Solution Items", "Solution Items", "{DC8A86A6-5E2D-43B8-AB89-1AF4FA414F9C}"
	ProjectSection(SolutionItems) = preProject
		.editorconfig = .editorconfig
	EndProjectSection
EndProject
Project("{2150E333-8FDC-42A3-9474-1A3956D46DE8}") = "Doctor Management", "Doctor Management", "{33C5BC3B-8B36-472D-B9F2-A5118C8A343C}"
EndProject
Global
	GlobalSection(SolutionConfigurationPlatforms) = preSolution
		Debug|Any CPU = Debug|Any CPU
		Release|Any CPU = Release|Any CPU
	EndGlobalSection
	GlobalSection(ProjectConfigurationPlatforms) = postSolution
		{CA099E09-52E3-4BB0-8305-8CEF48B6456E}.Debug|Any CPU.ActiveCfg = Debug|Any CPU
		{CA099E09-52E3-4BB0-8305-8CEF48B6456E}.Debug|Any CPU.Build.0 = Debug|Any CPU
		{CA099E09-52E3-4BB0-8305-8CEF48B6456E}.Release|Any CPU.ActiveCfg = Release|Any CPU
		{CA099E09-52E3-4BB0-8305-8CEF48B6456E}.Release|Any CPU.Build.0 = Release|Any CPU
		{D3FFF322-89EB-4367-B4BC-9BBE36DF3C86}.Debug|Any CPU.ActiveCfg = Debug|Any CPU
		{D3FFF322-89EB-4367-B4BC-9BBE36DF3C86}.Debug|Any CPU.Build.0 = Debug|Any CPU
		{D3FFF322-89EB-4367-B4BC-9BBE36DF3C86}.Release|Any CPU.ActiveCfg = Release|Any CPU
		{D3FFF322-89EB-4367-B4BC-9BBE36DF3C86}.Release|Any CPU.Build.0 = Release|Any CPU
		{44EE06F7-D5D0-4329-BCA7-9418E9F740AE}.Debug|Any CPU.ActiveCfg = Debug|Any CPU
		{44EE06F7-D5D0-4329-BCA7-9418E9F740AE}.Debug|Any CPU.Build.0 = Debug|Any CPU
		{44EE06F7-D5D0-4329-BCA7-9418E9F740AE}.Release|Any CPU.ActiveCfg = Release|Any CPU
		{44EE06F7-D5D0-4329-BCA7-9418E9F740AE}.Release|Any CPU.Build.0 = Release|Any CPU
		{B9BF8A43-0DCB-4462-9E7E-EDD23DBDA628}.Debug|Any CPU.ActiveCfg = Debug|Any CPU
		{B9BF8A43-0DCB-4462-9E7E-EDD23DBDA628}.Debug|Any CPU.Build.0 = Debug|Any CPU
		{B9BF8A43-0DCB-4462-9E7E-EDD23DBDA628}.Release|Any CPU.ActiveCfg = Release|Any CPU
		{B9BF8A43-0DCB-4462-9E7E-EDD23DBDA628}.Release|Any CPU.Build.0 = Release|Any CPU
		{B08980B7-F38E-4BBC-8175-6F5E8254E4C1}.Debug|Any CPU.ActiveCfg = Debug|Any CPU
		{B08980B7-F38E-4BBC-8175-6F5E8254E4C1}.Debug|Any CPU.Build.0 = Debug|Any CPU
		{B08980B7-F38E-4BBC-8175-6F5E8254E4C1}.Release|Any CPU.ActiveCfg = Release|Any CPU
		{B08980B7-F38E-4BBC-8175-6F5E8254E4C1}.Release|Any CPU.Build.0 = Release|Any CPU
		{641D8BCF-F6D6-48FA-B228-F483E797ED4A}.Debug|Any CPU.ActiveCfg = Debug|Any CPU
		{641D8BCF-F6D6-48FA-B228-F483E797ED4A}.Debug|Any CPU.Build.0 = Debug|Any CPU
		{641D8BCF-F6D6-48FA-B228-F483E797ED4A}.Release|Any CPU.ActiveCfg = Release|Any CPU
		{641D8BCF-F6D6-48FA-B228-F483E797ED4A}.Release|Any CPU.Build.0 = Release|Any CPU
		{7FA3DDFE-F05B-4289-8462-011902448E0A}.Debug|Any CPU.ActiveCfg = Debug|Any CPU
		{7FA3DDFE-F05B-4289-8462-011902448E0A}.Debug|Any CPU.Build.0 = Debug|Any CPU
		{7FA3DDFE-F05B-4289-8462-011902448E0A}.Release|Any CPU.ActiveCfg = Release|Any CPU
		{7FA3DDFE-F05B-4289-8462-011902448E0A}.Release|Any CPU.Build.0 = Release|Any CPU
		{D13B59EA-5478-4DEA-8213-A500EFD3EBCA}.Debug|Any CPU.ActiveCfg = Debug|Any CPU
		{D13B59EA-5478-4DEA-8213-A500EFD3EBCA}.Debug|Any CPU.Build.0 = Debug|Any CPU
		{D13B59EA-5478-4DEA-8213-A500EFD3EBCA}.Release|Any CPU.ActiveCfg = Release|Any CPU
		{D13B59EA-5478-4DEA-8213-A500EFD3EBCA}.Release|Any CPU.Build.0 = Release|Any CPU
	EndGlobalSection
	GlobalSection(SolutionProperties) = preSolution
		HideSolutionNode = FALSE
	EndGlobalSection
	GlobalSection(NestedProjects) = preSolution
		{CA099E09-52E3-4BB0-8305-8CEF48B6456E} = {BDF6A3AB-39FE-4DB1-AFD0-867E290379E0}
		{D3FFF322-89EB-4367-B4BC-9BBE36DF3C86} = {81F5FF52-E221-41E4-82A7-1369312CB062}
		{8618B9FE-D533-4EA5-8471-4E99556BC784} = {3A81D967-EDD3-4E73-B027-F5498394A69E}
		{1F65B006-7741-4273-8BDD-A74B02C2D830} = {3A81D967-EDD3-4E73-B027-F5498394A69E}
		{44EE06F7-D5D0-4329-BCA7-9418E9F740AE} = {8618B9FE-D533-4EA5-8471-4E99556BC784}
		{B9BF8A43-0DCB-4462-9E7E-EDD23DBDA628} = {8618B9FE-D533-4EA5-8471-4E99556BC784}
		{B08980B7-F38E-4BBC-8175-6F5E8254E4C1} = {1F65B006-7741-4273-8BDD-A74B02C2D830}
		{63935649-293C-461C-87BA-88CC55843BB8} = {3A81D967-EDD3-4E73-B027-F5498394A69E}
		{641D8BCF-F6D6-48FA-B228-F483E797ED4A} = {63935649-293C-461C-87BA-88CC55843BB8}
		{7FA3DDFE-F05B-4289-8462-011902448E0A} = {81F5FF52-E221-41E4-82A7-1369312CB062}
		{D13B59EA-5478-4DEA-8213-A500EFD3EBCA} = {1F65B006-7741-4273-8BDD-A74B02C2D830}
	EndGlobalSection
	GlobalSection(ExtensibilityGlobals) = postSolution
		SolutionGuid = {B1DF76F1-E512-4083-B68E-D7A24ABD8AD2}
	EndGlobalSection
EndGlobal
